
Microsoft Visual Studio Solution File, Format Version 12.00
# Visual Studio Version 17
VisualStudioVersion = 17.8.34525.116
MinimumVisualStudioVersion = 10.0.40219.1
Project("{9A19103F-16F7-4668-BE54-9A1E7A4F7556}") = "MobileChargingStation", "MobileChargingStation\MobileChargingStation.csproj", "{B33775EB-5394-4C6C-81FB-4795C8CBF596}"
EndProject
Project("{9A19103F-16F7-4668-BE54-9A1E7A4F7556}") = "MobileChargingStation.Test", "MobileChargingStationTest\MobileChargingStation.Test.csproj", "{2B45F854-465B-4BB0-BFDC-06920A1A214B}"
EndProject
Project("{9A19103F-16F7-4668-BE54-9A1E7A4F7556}") = "MCSConsole", "MCSConsole\MCSConsole.csproj", "{B885F360-1625-4CCE-912D-2CF804AC977A}"
EndProject
Global
	GlobalSection(SolutionConfigurationPlatforms) = preSolution
		Debug|Any CPU = Debug|Any CPU
		Release|Any CPU = Release|Any CPU
	EndGlobalSection
	GlobalSection(ProjectConfigurationPlatforms) = postSolution
		{B33775EB-5394-4C6C-81FB-4795C8CBF596}.Debug|Any CPU.ActiveCfg = Debug|Any CPU
		{B33775EB-5394-4C6C-81FB-4795C8CBF596}.Debug|Any CPU.Build.0 = Debug|Any CPU
		{B33775EB-5394-4C6C-81FB-4795C8CBF596}.Release|Any CPU.ActiveCfg = Release|Any CPU
		{B33775EB-5394-4C6C-81FB-4795C8CBF596}.Release|Any CPU.Build.0 = Release|Any CPU
		{2B45F854-465B-4BB0-BFDC-06920A1A214B}.Debug|Any CPU.ActiveCfg = Debug|Any CPU
		{2B45F854-465B-4BB0-BFDC-06920A1A214B}.Debug|Any CPU.Build.0 = Debug|Any CPU
		{2B45F854-465B-4BB0-BFDC-06920A1A214B}.Release|Any CPU.ActiveCfg = Release|Any CPU
		{2B45F854-465B-4BB0-BFDC-06920A1A214B}.Release|Any CPU.Build.0 = Release|Any CPU
		{B885F360-1625-4CCE-912D-2CF804AC977A}.Debug|Any CPU.ActiveCfg = Debug|Any CPU
		{B885F360-1625-4CCE-912D-2CF804AC977A}.Debug|Any CPU.Build.0 = Debug|Any CPU
		{B885F360-1625-4CCE-912D-2CF804AC977A}.Release|Any CPU.ActiveCfg = Release|Any CPU
		{B885F360-1625-4CCE-912D-2CF804AC977A}.Release|Any CPU.Build.0 = Release|Any CPU
	EndGlobalSection
	GlobalSection(SolutionProperties) = preSolution
		HideSolutionNode = FALSE
	EndGlobalSection
	GlobalSection(ExtensibilityGlobals) = postSolution
		SolutionGuid = {08DCA901-337E-4982-A11B-835FF2400DE7}
	EndGlobalSection
EndGlobal
